
Microsoft Visual Studio Solution File, Format Version 12.00
# Visual Studio Version 16
VisualStudioVersion = 16.0.29324.140
MinimumVisualStudioVersion = 10.0.40219.1
Project("{9A19103F-16F7-4668-BE54-9A1E7A4F7556}") = "ConditionalStatementsandLoops", "ConditionalStatementsandLoops\ConditionalStatementsandLoops.csproj", "{1C70BFA7-A696-4332-BC42-ABEA581ADFCB}"
EndProject
Project("{9A19103F-16F7-4668-BE54-9A1E7A4F7556}") = "RectangleArea", "RectangleArea\RectangleArea.csproj", "{2F0CCEAA-4463-4370-9E2E-27773C10CD2B}"
EndProject
Project("{9A19103F-16F7-4668-BE54-9A1E7A4F7556}") = "MilesToKilometers", "MilesToKilometers\MilesToKilometers.csproj", "{719706A3-A358-4D4C-8F79-50296AFBF75E}"
EndProject
Project("{9A19103F-16F7-4668-BE54-9A1E7A4F7556}") = "BeverageLabels", "BeverageLabels\BeverageLabels.csproj", "{16971BAA-177A-4EA5-9AFA-212797E3F3AB}"
EndProject
Project("{9A19103F-16F7-4668-BE54-9A1E7A4F7556}") = "CharacterStats", "CharacterStats\CharacterStats.csproj", "{D84136A9-7A85-42AB-814E-D576F5AA1EF2}"
EndProject
Project("{9A19103F-16F7-4668-BE54-9A1E7A4F7556}") = "Passed", "Passed\Passed.csproj", "{D247F642-FFE6-410D-879D-6BA0D835ADF0}"
EndProject
Project("{9A19103F-16F7-4668-BE54-9A1E7A4F7556}") = "PassedorFailed", "PassedorFailed\PassedorFailed.csproj", "{D9D87E46-93BB-484D-9776-98519BAEF41A}"
EndProject
Project("{9A19103F-16F7-4668-BE54-9A1E7A4F7556}") = "BackIn30Min", "BackIn30Min\BackIn30Min.csproj", "{585370ED-9E8A-483B-9EC1-05EAC7B90ADE}"
EndProject
Project("{9A19103F-16F7-4668-BE54-9A1E7A4F7556}") = "MonthPrinter", "MonthPrinter\MonthPrinter.csproj", "{D452291A-BB36-428C-8D23-F296F08C3742}"
EndProject
Project("{9A19103F-16F7-4668-BE54-9A1E7A4F7556}") = "ForeignLanguages", "ForeignLanguages\ForeignLanguages.csproj", "{C1313D27-1BBD-49CF-89FF-61DD247C95A3}"
EndProject
Project("{9A19103F-16F7-4668-BE54-9A1E7A4F7556}") = "ChooseADrink", "ChooseADrink\ChooseADrink.csproj", "{8090E605-5031-4CA8-9659-68AC77FB8CF7}"
EndProject
Project("{9A19103F-16F7-4668-BE54-9A1E7A4F7556}") = "ChooseАDrink2.0", "ChooseАDrink2.0\ChooseАDrink2.0.csproj", "{51C1D95D-8EE2-469A-80A8-74B34EEFC9D3}"
EndProject
Project("{9A19103F-16F7-4668-BE54-9A1E7A4F7556}") = "RestaurantDiscount", "RestaurantDiscount\RestaurantDiscount.csproj", "{8B725048-FA5A-431B-84A3-7112357F2310}"
EndProject
Project("{9A19103F-16F7-4668-BE54-9A1E7A4F7556}") = "Hotel", "Hotel\Hotel.csproj", "{09525876-5F44-49BA-A685-0F13B2700DB7}"
EndProject
Project("{9A19103F-16F7-4668-BE54-9A1E7A4F7556}") = "WordInPlural", "WordInPlural\WordInPlural.csproj", "{AF9F384E-DDB3-43D5-B95A-92A29A587A00}"
EndProject
Project("{9A19103F-16F7-4668-BE54-9A1E7A4F7556}") = "IntervalOfNumbers", "IntervalOfNumbers\IntervalOfNumbers.csproj", "{C3F5BF40-8F4A-467B-B34E-FA7D5F172AD8}"
EndProject
Project("{9A19103F-16F7-4668-BE54-9A1E7A4F7556}") = "CakeIngredients", "CakeIngredients\CakeIngredients.csproj", "{91C202A1-90AC-41B9-A9C6-B59F4B78BF91}"
EndProject
Project("{9A19103F-16F7-4668-BE54-9A1E7A4F7556}") = "CaloriesCounter", "CaloriesCounter\CaloriesCounter.csproj", "{051FC201-CB11-4560-9AE4-DA7C3A99BE17}"
EndProject
Project("{9A19103F-16F7-4668-BE54-9A1E7A4F7556}") = "CountTheIntegers", "CountTheIntegers\CountTheIntegers.csproj", "{63A8FE86-570F-4FFB-B3E5-06974796444C}"
EndProject
Project("{FAE04EC0-301F-11D3-BF4B-00C04F79EFBC}") = "TriangleOfNumbers", "TriangleOfNumbers\TriangleOfNumbers.csproj", "{8098A28B-9139-49CD-8092-1F6F05107D56}"
EndProject
Project("{FAE04EC0-301F-11D3-BF4B-00C04F79EFBC}") = "5DifferentNumbers", "5DifferentNumbers\5DifferentNumbers.csproj", "{B3F852E1-8F69-4A31-8338-F087CD60B5D6}"
EndProject
Global
	GlobalSection(SolutionConfigurationPlatforms) = preSolution
		Debug|Any CPU = Debug|Any CPU
		Release|Any CPU = Release|Any CPU
	EndGlobalSection
	GlobalSection(ProjectConfigurationPlatforms) = postSolution
		{1C70BFA7-A696-4332-BC42-ABEA581ADFCB}.Debug|Any CPU.ActiveCfg = Debug|Any CPU
		{1C70BFA7-A696-4332-BC42-ABEA581ADFCB}.Debug|Any CPU.Build.0 = Debug|Any CPU
		{1C70BFA7-A696-4332-BC42-ABEA581ADFCB}.Release|Any CPU.ActiveCfg = Release|Any CPU
		{1C70BFA7-A696-4332-BC42-ABEA581ADFCB}.Release|Any CPU.Build.0 = Release|Any CPU
		{2F0CCEAA-4463-4370-9E2E-27773C10CD2B}.Debug|Any CPU.ActiveCfg = Debug|Any CPU
		{2F0CCEAA-4463-4370-9E2E-27773C10CD2B}.Debug|Any CPU.Build.0 = Debug|Any CPU
		{2F0CCEAA-4463-4370-9E2E-27773C10CD2B}.Release|Any CPU.ActiveCfg = Release|Any CPU
		{2F0CCEAA-4463-4370-9E2E-27773C10CD2B}.Release|Any CPU.Build.0 = Release|Any CPU
		{719706A3-A358-4D4C-8F79-50296AFBF75E}.Debug|Any CPU.ActiveCfg = Debug|Any CPU
		{719706A3-A358-4D4C-8F79-50296AFBF75E}.Debug|Any CPU.Build.0 = Debug|Any CPU
		{719706A3-A358-4D4C-8F79-50296AFBF75E}.Release|Any CPU.ActiveCfg = Release|Any CPU
		{719706A3-A358-4D4C-8F79-50296AFBF75E}.Release|Any CPU.Build.0 = Release|Any CPU
		{16971BAA-177A-4EA5-9AFA-212797E3F3AB}.Debug|Any CPU.ActiveCfg = Debug|Any CPU
		{16971BAA-177A-4EA5-9AFA-212797E3F3AB}.Debug|Any CPU.Build.0 = Debug|Any CPU
		{16971BAA-177A-4EA5-9AFA-212797E3F3AB}.Release|Any CPU.ActiveCfg = Release|Any CPU
		{16971BAA-177A-4EA5-9AFA-212797E3F3AB}.Release|Any CPU.Build.0 = Release|Any CPU
		{D84136A9-7A85-42AB-814E-D576F5AA1EF2}.Debug|Any CPU.ActiveCfg = Debug|Any CPU
		{D84136A9-7A85-42AB-814E-D576F5AA1EF2}.Debug|Any CPU.Build.0 = Debug|Any CPU
		{D84136A9-7A85-42AB-814E-D576F5AA1EF2}.Release|Any CPU.ActiveCfg = Release|Any CPU
		{D84136A9-7A85-42AB-814E-D576F5AA1EF2}.Release|Any CPU.Build.0 = Release|Any CPU
		{D247F642-FFE6-410D-879D-6BA0D835ADF0}.Debug|Any CPU.ActiveCfg = Debug|Any CPU
		{D247F642-FFE6-410D-879D-6BA0D835ADF0}.Debug|Any CPU.Build.0 = Debug|Any CPU
		{D247F642-FFE6-410D-879D-6BA0D835ADF0}.Release|Any CPU.ActiveCfg = Release|Any CPU
		{D247F642-FFE6-410D-879D-6BA0D835ADF0}.Release|Any CPU.Build.0 = Release|Any CPU
		{D9D87E46-93BB-484D-9776-98519BAEF41A}.Debug|Any CPU.ActiveCfg = Debug|Any CPU
		{D9D87E46-93BB-484D-9776-98519BAEF41A}.Debug|Any CPU.Build.0 = Debug|Any CPU
		{D9D87E46-93BB-484D-9776-98519BAEF41A}.Release|Any CPU.ActiveCfg = Release|Any CPU
		{D9D87E46-93BB-484D-9776-98519BAEF41A}.Release|Any CPU.Build.0 = Release|Any CPU
		{585370ED-9E8A-483B-9EC1-05EAC7B90ADE}.Debug|Any CPU.ActiveCfg = Debug|Any CPU
		{585370ED-9E8A-483B-9EC1-05EAC7B90ADE}.Debug|Any CPU.Build.0 = Debug|Any CPU
		{585370ED-9E8A-483B-9EC1-05EAC7B90ADE}.Release|Any CPU.ActiveCfg = Release|Any CPU
		{585370ED-9E8A-483B-9EC1-05EAC7B90ADE}.Release|Any CPU.Build.0 = Release|Any CPU
		{D452291A-BB36-428C-8D23-F296F08C3742}.Debug|Any CPU.ActiveCfg = Debug|Any CPU
		{D452291A-BB36-428C-8D23-F296F08C3742}.Debug|Any CPU.Build.0 = Debug|Any CPU
		{D452291A-BB36-428C-8D23-F296F08C3742}.Release|Any CPU.ActiveCfg = Release|Any CPU
		{D452291A-BB36-428C-8D23-F296F08C3742}.Release|Any CPU.Build.0 = Release|Any CPU
		{C1313D27-1BBD-49CF-89FF-61DD247C95A3}.Debug|Any CPU.ActiveCfg = Debug|Any CPU
		{C1313D27-1BBD-49CF-89FF-61DD247C95A3}.Debug|Any CPU.Build.0 = Debug|Any CPU
		{C1313D27-1BBD-49CF-89FF-61DD247C95A3}.Release|Any CPU.ActiveCfg = Release|Any CPU
		{C1313D27-1BBD-49CF-89FF-61DD247C95A3}.Release|Any CPU.Build.0 = Release|Any CPU
		{8090E605-5031-4CA8-9659-68AC77FB8CF7}.Debug|Any CPU.ActiveCfg = Debug|Any CPU
		{8090E605-5031-4CA8-9659-68AC77FB8CF7}.Debug|Any CPU.Build.0 = Debug|Any CPU
		{8090E605-5031-4CA8-9659-68AC77FB8CF7}.Release|Any CPU.ActiveCfg = Release|Any CPU
		{8090E605-5031-4CA8-9659-68AC77FB8CF7}.Release|Any CPU.Build.0 = Release|Any CPU
		{51C1D95D-8EE2-469A-80A8-74B34EEFC9D3}.Debug|Any CPU.ActiveCfg = Debug|Any CPU
		{51C1D95D-8EE2-469A-80A8-74B34EEFC9D3}.Debug|Any CPU.Build.0 = Debug|Any CPU
		{51C1D95D-8EE2-469A-80A8-74B34EEFC9D3}.Release|Any CPU.ActiveCfg = Release|Any CPU
		{51C1D95D-8EE2-469A-80A8-74B34EEFC9D3}.Release|Any CPU.Build.0 = Release|Any CPU
		{8B725048-FA5A-431B-84A3-7112357F2310}.Debug|Any CPU.ActiveCfg = Debug|Any CPU
		{8B725048-FA5A-431B-84A3-7112357F2310}.Debug|Any CPU.Build.0 = Debug|Any CPU
		{8B725048-FA5A-431B-84A3-7112357F2310}.Release|Any CPU.ActiveCfg = Release|Any CPU
		{8B725048-FA5A-431B-84A3-7112357F2310}.Release|Any CPU.Build.0 = Release|Any CPU
		{09525876-5F44-49BA-A685-0F13B2700DB7}.Debug|Any CPU.ActiveCfg = Debug|Any CPU
		{09525876-5F44-49BA-A685-0F13B2700DB7}.Debug|Any CPU.Build.0 = Debug|Any CPU
		{09525876-5F44-49BA-A685-0F13B2700DB7}.Release|Any CPU.ActiveCfg = Release|Any CPU
		{09525876-5F44-49BA-A685-0F13B2700DB7}.Release|Any CPU.Build.0 = Release|Any CPU
		{AF9F384E-DDB3-43D5-B95A-92A29A587A00}.Debug|Any CPU.ActiveCfg = Debug|Any CPU
		{AF9F384E-DDB3-43D5-B95A-92A29A587A00}.Debug|Any CPU.Build.0 = Debug|Any CPU
		{AF9F384E-DDB3-43D5-B95A-92A29A587A00}.Release|Any CPU.ActiveCfg = Release|Any CPU
		{AF9F384E-DDB3-43D5-B95A-92A29A587A00}.Release|Any CPU.Build.0 = Release|Any CPU
		{C3F5BF40-8F4A-467B-B34E-FA7D5F172AD8}.Debug|Any CPU.ActiveCfg = Debug|Any CPU
		{C3F5BF40-8F4A-467B-B34E-FA7D5F172AD8}.Debug|Any CPU.Build.0 = Debug|Any CPU
		{C3F5BF40-8F4A-467B-B34E-FA7D5F172AD8}.Release|Any CPU.ActiveCfg = Release|Any CPU
		{C3F5BF40-8F4A-467B-B34E-FA7D5F172AD8}.Release|Any CPU.Build.0 = Release|Any CPU
		{91C202A1-90AC-41B9-A9C6-B59F4B78BF91}.Debug|Any CPU.ActiveCfg = Debug|Any CPU
		{91C202A1-90AC-41B9-A9C6-B59F4B78BF91}.Debug|Any CPU.Build.0 = Debug|Any CPU
		{91C202A1-90AC-41B9-A9C6-B59F4B78BF91}.Release|Any CPU.ActiveCfg = Release|Any CPU
		{91C202A1-90AC-41B9-A9C6-B59F4B78BF91}.Release|Any CPU.Build.0 = Release|Any CPU
		{051FC201-CB11-4560-9AE4-DA7C3A99BE17}.Debug|Any CPU.ActiveCfg = Debug|Any CPU
		{051FC201-CB11-4560-9AE4-DA7C3A99BE17}.Debug|Any CPU.Build.0 = Debug|Any CPU
		{051FC201-CB11-4560-9AE4-DA7C3A99BE17}.Release|Any CPU.ActiveCfg = Release|Any CPU
		{051FC201-CB11-4560-9AE4-DA7C3A99BE17}.Release|Any CPU.Build.0 = Release|Any CPU
		{63A8FE86-570F-4FFB-B3E5-06974796444C}.Debug|Any CPU.ActiveCfg = Debug|Any CPU
		{63A8FE86-570F-4FFB-B3E5-06974796444C}.Debug|Any CPU.Build.0 = Debug|Any CPU
		{63A8FE86-570F-4FFB-B3E5-06974796444C}.Release|Any CPU.ActiveCfg = Release|Any CPU
		{63A8FE86-570F-4FFB-B3E5-06974796444C}.Release|Any CPU.Build.0 = Release|Any CPU
		{8098A28B-9139-49CD-8092-1F6F05107D56}.Debug|Any CPU.ActiveCfg = Debug|Any CPU
		{8098A28B-9139-49CD-8092-1F6F05107D56}.Debug|Any CPU.Build.0 = Debug|Any CPU
		{8098A28B-9139-49CD-8092-1F6F05107D56}.Release|Any CPU.ActiveCfg = Release|Any CPU
		{8098A28B-9139-49CD-8092-1F6F05107D56}.Release|Any CPU.Build.0 = Release|Any CPU
		{B3F852E1-8F69-4A31-8338-F087CD60B5D6}.Debug|Any CPU.ActiveCfg = Debug|Any CPU
		{B3F852E1-8F69-4A31-8338-F087CD60B5D6}.Debug|Any CPU.Build.0 = Debug|Any CPU
		{B3F852E1-8F69-4A31-8338-F087CD60B5D6}.Release|Any CPU.ActiveCfg = Release|Any CPU
		{B3F852E1-8F69-4A31-8338-F087CD60B5D6}.Release|Any CPU.Build.0 = Release|Any CPU
	EndGlobalSection
	GlobalSection(SolutionProperties) = preSolution
		HideSolutionNode = FALSE
	EndGlobalSection
	GlobalSection(ExtensibilityGlobals) = postSolution
		SolutionGuid = {E735D9CE-6C01-49AB-8672-C22E622CD484}
	EndGlobalSection
EndGlobal
